
Microsoft Visual Studio Solution File, Format Version 12.00
# Visual Studio 14
VisualStudioVersion = 14.0.24720.0
MinimumVisualStudioVersion = 10.0.40219.1
Project("{FAE04EC0-301F-11D3-BF4B-00C04F79EFBC}") = "Bouncing Game", "Bouncing Game\Bouncing Game.csproj", "{C3BFE93A-D62C-497D-B0A1-BF87BF4BF2E4}"
EndProject
Global
	GlobalSection(SolutionConfigurationPlatforms) = preSolution
		Debug|Any CPU = Debug|Any CPU
		Release|Any CPU = Release|Any CPU
	EndGlobalSection
	GlobalSection(ProjectConfigurationPlatforms) = postSolution
		{C3BFE93A-D62C-497D-B0A1-BF87BF4BF2E4}.Debug|Any CPU.ActiveCfg = Debug|Any CPU
		{C3BFE93A-D62C-497D-B0A1-BF87BF4BF2E4}.Debug|Any CPU.Build.0 = Debug|Any CPU
		{C3BFE93A-D62C-497D-B0A1-BF87BF4BF2E4}.Debug|Any CPU.Deploy.0 = Debug|Any CPU
		{C3BFE93A-D62C-497D-B0A1-BF87BF4BF2E4}.Release|Any CPU.ActiveCfg = Release|Any CPU
		{C3BFE93A-D62C-497D-B0A1-BF87BF4BF2E4}.Release|Any CPU.Build.0 = Release|Any CPU
		{C3BFE93A-D62C-497D-B0A1-BF87BF4BF2E4}.Release|Any CPU.Deploy.0 = Release|Any CPU
	EndGlobalSection
	GlobalSection(SolutionProperties) = preSolution
		HideSolutionNode = FALSE
	EndGlobalSection
EndGlobal
